<?xml version="1.0" encoding="utf-8"?>
<Project ToolsVersion="4.0" xmlns="http://schemas.microsoft.com/developer/msbuild/2003">
  <ItemGroup>
    <Filter Include="Source Files">
      <UniqueIdentifier>{4FC737F1-C7A5-4376-A066-2A32D752A2FF}</UniqueIdentifier>
      <Extensions>cpp;c;cc;cxx;c++;cppm;ixx;def;odl;idl;hpj;bat;asm;asmx</Extensions>
    </Filter>
    <Filter Include="Header Files">
      <UniqueIdentifier>{93995380-89BD-4b04-88EB-625FBE52EBFB}</UniqueIdentifier>
      <Extensions>h;hh;hpp;hxx;h++;hm;inl;inc;ipp;xsd</Extensions>
    </Filter>
    <Filter Include="Resource Files">
      <UniqueIdentifier>{67DA6AB6-F800-4c08-8B7A-83BB121AAD01}</UniqueIdentifier>
      <Extensions>rc;ico;cur;bmp;dlg;rc2;rct;bin;rgs;gif;jpg;jpeg;jpe;resx;tiff;tif;png;wav;mfcribbon-ms</Extensions>
    </Filter>
    <Filter Include="Source Files\ImGui">
      <UniqueIdentifier>{6becb3a5-75ab-4902-8e95-89fdcc37ccb6}</UniqueIdentifier>
    </Filter>
    <Filter Include="Source Files\GL">
      <UniqueIdentifier>{104f3ed7-89c9-4f65-af42-6cdd35a94f45}</UniqueIdentifier>
    </Filter>
    <Filter Include="Resource Files\Shaders">
      <UniqueIdentifier>{a4ccf9c8-a911-4328-b789-fa787449f3c0}</UniqueIdentifier>
    </Filter>
  </ItemGroup>
  <ItemGroup>
    <ClCompile Include="src\Function.cpp">
      <Filter>Source Files</Filter>
    </ClCompile>
    <ClCompile Include="src\Source.cpp">
      <Filter>Source Files</Filter>
    </ClCompile>
    <ClCompile Include="myGL\EBO.cpp">
      <Filter>Source Files\GL</Filter>
    </ClCompile>
    <ClCompile Include="extDeps\glad.c">
      <Filter>Source Files\GL</Filter>
    </ClCompile>
    <ClCompile Include="myGL\Shader.cpp">
      <Filter>Source Files\GL</Filter>
    </ClCompile>
    <ClCompile Include="myGL\stb_image.cpp">
      <Filter>Source Files\GL</Filter>
    </ClCompile>
    <ClCompile Include="myGL\Texture2D.cpp">
      <Filter>Source Files\GL</Filter>
    </ClCompile>
    <ClCompile Include="myGL\VBO.cpp">
      <Filter>Source Files\GL</Filter>
    </ClCompile>
    <ClCompile Include="myGL\VAO.cpp">
      <Filter>Source Files\GL</Filter>
    </ClCompile>
    <ClCompile Include="extDeps\imgui\imgui.cpp">
      <Filter>Source Files\ImGui</Filter>
    </ClCompile>
    <ClCompile Include="extDeps\imgui\imgui_demo.cpp">
      <Filter>Source Files\ImGui</Filter>
    </ClCompile>
    <ClCompile Include="extDeps\imgui\imgui_draw.cpp">
      <Filter>Source Files\ImGui</Filter>
    </ClCompile>
    <ClCompile Include="extDeps\imgui\imgui_impl_glfw.cpp">
      <Filter>Source Files\ImGui</Filter>
    </ClCompile>
    <ClCompile Include="extDeps\imgui\imgui_impl_opengl3.cpp">
      <Filter>Source Files\ImGui</Filter>
    </ClCompile>
    <ClCompile Include="extDeps\imgui\imgui_stdlib.cpp">
      <Filter>Source Files\ImGui</Filter>
    </ClCompile>
    <ClCompile Include="extDeps\imgui\imgui_tables.cpp">
      <Filter>Source Files\ImGui</Filter>
    </ClCompile>
    <ClCompile Include="extDeps\imgui\imgui_widgets.cpp">
      <Filter>Source Files\ImGui</Filter>
    </ClCompile>
    <ClCompile Include="src\ExprStrParser.cpp">
      <Filter>Source Files</Filter>
    </ClCompile>
    <ClCompile Include="src\ExprStrTokenizer.cpp">
      <Filter>Source Files</Filter>
    </ClCompile>
    <ClCompile Include="src\Application.cpp">
      <Filter>Source Files</Filter>
    </ClCompile>
    <ClCompile Include="src\GLFWCallbacks.cpp">
      <Filter>Source Files</Filter>
    </ClCompile>
  </ItemGroup>
  <ItemGroup>
    <ClInclude Include="include\Function.h">
      <Filter>Header Files</Filter>
    </ClInclude>
    <ClInclude Include="include\ExprStrParser.h">
      <Filter>Header Files</Filter>
    </ClInclude>
    <ClInclude Include="include\Application.h">
      <Filter>Header Files</Filter>
    </ClInclude>
    <ClInclude Include="include\Mouse.h">
      <Filter>Header Files</Filter>
    </ClInclude>
    <ClInclude Include="include\TextRender.h">
      <Filter>Header Files</Filter>
    </ClInclude>
    <ClInclude Include="include\ExprStrTokenizer.h">
      <Filter>Header Files</Filter>
    </ClInclude>
  </ItemGroup>
  <ItemGroup>
    <None Include="resources\shaders\coordAxisShader_gs.glsl">
      <Filter>Resource Files\Shaders</Filter>
    </None>
    <None Include="resources\shaders\coordAxisShader_vs.glsl">
      <Filter>Resource Files\Shaders</Filter>
    </None>
    <None Include="resources\shaders\mouseDot_fs.glsl">
      <Filter>Resource Files\Shaders</Filter>
    </None>
    <None Include="resources\shaders\mouseDot_vs.glsl">
      <Filter>Resource Files\Shaders</Filter>
    </None>
    <None Include="resources\shaders\textShader_fs.glsl">
      <Filter>Resource Files\Shaders</Filter>
    </None>
    <None Include="resources\shaders\textShader_gs.glsl">
      <Filter>Resource Files\Shaders</Filter>
    </None>
    <None Include="resources\shaders\textShader_vs.glsl">
      <Filter>Resource Files\Shaders</Filter>
    </None>
    <None Include="resources\shaders\coordAxisNumbersShader_fs.glsl">
      <Filter>Resource Files\Shaders</Filter>
    </None>
    <None Include="resources\shaders\coordAxisNumbersShader_gs.glsl">
      <Filter>Resource Files\Shaders</Filter>
    </None>
    <None Include="resources\shaders\coordAxisNumbersShader_vs.glsl">
      <Filter>Resource Files\Shaders</Filter>
    </None>
    <None Include="resources\shaders\coordAxisShader_fs.glsl">
      <Filter>Resource Files\Shaders</Filter>
    </None>
    <None Include="resources\shaders\function_gs.glsl">
      <Filter>Resource Files\Shaders</Filter>
    </None>
    <None Include="resources\shaders\function_vs.glsl">
      <Filter>Resource Files\Shaders</Filter>
    </None>
    <None Include="resources\shaders\function_fs.glsl">
      <Filter>Resource Files\Shaders</Filter>
    </None>
  </ItemGroup>
</Project>